
Microsoft Visual Studio Solution File, Format Version 12.00
# Visual Studio Version 16
VisualStudioVersion = 16.0.30804.86
MinimumVisualStudioVersion = 10.0.40219.1
Project("{FAE04EC0-301F-11D3-BF4B-00C04F79EFBC}") = "Tienda", "Tienda\Tienda.csproj", "{DC5BC8D2-CE70-4999-BD71-A5CE0CEECD65}"
EndProject
Global
	GlobalSection(SolutionConfigurationPlatforms) = preSolution
		Debug|Any CPU = Debug|Any CPU
		Release|Any CPU = Release|Any CPU
	EndGlobalSection
	GlobalSection(ProjectConfigurationPlatforms) = postSolution
		{DC5BC8D2-CE70-4999-BD71-A5CE0CEECD65}.Debug|Any CPU.ActiveCfg = Debug|Any CPU
		{DC5BC8D2-CE70-4999-BD71-A5CE0CEECD65}.Debug|Any CPU.Build.0 = Debug|Any CPU
		{DC5BC8D2-CE70-4999-BD71-A5CE0CEECD65}.Release|Any CPU.ActiveCfg = Release|Any CPU
		{DC5BC8D2-CE70-4999-BD71-A5CE0CEECD65}.Release|Any CPU.Build.0 = Release|Any CPU
	EndGlobalSection
	GlobalSection(SolutionProperties) = preSolution
		HideSolutionNode = FALSE
	EndGlobalSection
	GlobalSection(ExtensibilityGlobals) = postSolution
		SolutionGuid = {3CFDD23B-58A1-4ECF-9EC3-54C57E597707}
	EndGlobalSection
EndGlobal
